
Microsoft Visual Studio Solution File, Format Version 12.00
# Visual Studio 14
VisualStudioVersion = 14.0.25420.1
MinimumVisualStudioVersion = 10.0.40219.1
Project("{FAE04EC0-301F-11D3-BF4B-00C04F79EFBC}") = "Cellent.Template.Common", "CWAT\Cellent.Template.Common\Cellent.Template.Common.csproj", "{E4546CFD-4F81-4FFB-B6B4-1D632D171A01}"
EndProject
Project("{FAE04EC0-301F-11D3-BF4B-00C04F79EFBC}") = "Cellent.Template.WCF", "CWAT\Cellent.Template.WCF\Cellent.Template.WCF.csproj", "{C5D81F69-374F-4A4D-B779-071A461550C1}"
EndProject
Project("{2150E333-8FDC-42A3-9474-1A3956D46DE8}") = "DomainModel", "DomainModel", "{3A90FDC1-7466-467E-84A8-8DE33B5FEA4A}"
EndProject
Project("{FAE04EC0-301F-11D3-BF4B-00C04F79EFBC}") = "Cellent.Template.Repository", "CWAT\Cellent.Template.Repository\Cellent.Template.Repository.csproj", "{C6C9AACC-F56C-4C2C-866D-1A8A91C68DE9}"
EndProject
Project("{FAE04EC0-301F-11D3-BF4B-00C04F79EFBC}") = "Cellent.Template.Domain.UserModule", "CWAT\Cellent.Template.Domain.UserModule\Cellent.Template.Domain.UserModule.csproj", "{D587B90B-AC83-4A1F-8F20-BAA899BBCA5B}"
EndProject
Project("{FAE04EC0-301F-11D3-BF4B-00C04F79EFBC}") = "Cellent.Template.Domain.Core", "CWAT\Cellent.Template.Domain.Core\Cellent.Template.Domain.Core.csproj", "{A4D4F2C1-2A8A-4394-90CA-C7005AE7376B}"
EndProject
Project("{FAE04EC0-301F-11D3-BF4B-00C04F79EFBC}") = "Cellent.Template.Client.Core", "CWAT\Cellent.Template.Client.Core\Cellent.Template.Client.Core.csproj", "{F88A2798-806D-4F99-9CA3-3F2AA7681974}"
EndProject
Project("{FAE04EC0-301F-11D3-BF4B-00C04F79EFBC}") = "Cellent.Template.Client", "CWAT\Cellent.Template.Client\Cellent.Template.Client.csproj", "{88D0ECA5-AD86-4675-9584-68AA4C6FE410}"
EndProject
Project("{FAE04EC0-301F-11D3-BF4B-00C04F79EFBC}") = "Cellent.Template.Domain.ResourceModule", "CWAT\Cellent.Template.Domain.ResourceModule\Cellent.Template.Domain.ResourceModule.csproj", "{D46D7FC1-E444-4F65-945B-18550ED32D26}"
EndProject
Project("{2150E333-8FDC-42A3-9474-1A3956D46DE8}") = "Repositories", "Repositories", "{D0E78F01-812A-45CD-9165-2D49FAB075C6}"
EndProject
Project("{FAE04EC0-301F-11D3-BF4B-00C04F79EFBC}") = "Cellent.Template.Domain.MasterDataModule", "CWAT\Cellent.Template.Domain.MasterDataModule\Cellent.Template.Domain.MasterDataModule.csproj", "{C747FB2B-847C-4A7E-AE9F-62D31F28AEB8}"
EndProject
Project("{2150E333-8FDC-42A3-9474-1A3956D46DE8}") = "Services", "Services", "{B4F912EC-9484-4AB8-957F-19BB47000EBA}"
EndProject
Project("{FAE04EC0-301F-11D3-BF4B-00C04F79EFBC}") = "Cellent.Template.Service", "CWAT\Cellent.Template.Service\Cellent.Template.Service.csproj", "{FCD838E0-2524-448E-B7CC-EE40D4198CED}"
EndProject
Project("{FAE04EC0-301F-11D3-BF4B-00C04F79EFBC}") = "Cellent.Template.ClientModule.Resource", "CWAT\Cellent.Template.ClientModule.Resource\Cellent.Template.ClientModule.Resource.csproj", "{E6F41121-AC66-4C9C-8D0C-E5C046DE39CB}"
EndProject
Project("{FAE04EC0-301F-11D3-BF4B-00C04F79EFBC}") = "Cellent.Template.ClientModule.User", "CWAT\Cellent.Template.ClientModule.User\Cellent.Template.ClientModule.User.csproj", "{6A1D6730-C00D-4028-BB10-3FEC09370F7B}"
EndProject
Project("{2150E333-8FDC-42A3-9474-1A3956D46DE8}") = "Client", "Client", "{6BFF07C7-BDC2-47AF-8CBE-D49B7F242C85}"
EndProject
Project("{2150E333-8FDC-42A3-9474-1A3956D46DE8}") = "Common", "Common", "{610ACE76-2F52-4571-80A8-9CD81D637B1E}"
EndProject
Project("{2150E333-8FDC-42A3-9474-1A3956D46DE8}") = "Solution Items", "Solution Items", "{88CDD6D2-B7A9-4443-B464-6B42F6416814}"
EndProject
Project("{2150E333-8FDC-42A3-9474-1A3956D46DE8}") = "ClientModules", "ClientModules", "{F05B3F82-7DA8-4804-9A99-DFB340A95A15}"
EndProject
Project("{00D1A9C2-B5F0-4AF3-8072-F6C62B433612}") = "Database", "CWAT\Database\Database.sqlproj", "{E9BA8721-B8C1-40BD-8E3D-DE856E8E16A0}"
EndProject
Project("{FAE04EC0-301F-11D3-BF4B-00C04F79EFBC}") = "Entities", "CWAT\Entities\Entities.csproj", "{64AE5CF2-55F7-4A34-906B-AEAEF4ABB7C4}"
EndProject
Project("{FAE04EC0-301F-11D3-BF4B-00C04F79EFBC}") = "Wizard", "CWAT\Wizard\Wizard.csproj", "{451E8D5B-A15F-4CFC-863F-4F6983465898}"
EndProject
Project("{FAE04EC0-301F-11D3-BF4B-00C04F79EFBC}") = "Cellent.Template.Domain", "CWAT\Cellent.Template.Domain\Cellent.Template.Domain.csproj", "{B51A0D8E-987D-4752-A57B-BA88EFBBCD53}"
EndProject
Project("{FAE04EC0-301F-11D3-BF4B-00C04F79EFBC}") = "VSIX", "CWAT\VSIX\VSIX.csproj", "{58BEEA85-508A-4FB2-A09D-B2F6F79D4F3B}"
EndProject
Global
	GlobalSection(SolutionConfigurationPlatforms) = preSolution
		Debug|Any CPU = Debug|Any CPU
		Debug|x64 = Debug|x64
		Debug|x86 = Debug|x86
		Release|Any CPU = Release|Any CPU
		Release|x64 = Release|x64
		Release|x86 = Release|x86
	EndGlobalSection
	GlobalSection(ProjectConfigurationPlatforms) = postSolution
		{E4546CFD-4F81-4FFB-B6B4-1D632D171A01}.Debug|Any CPU.ActiveCfg = Debug|Any CPU
		{E4546CFD-4F81-4FFB-B6B4-1D632D171A01}.Debug|Any CPU.Build.0 = Debug|Any CPU
		{E4546CFD-4F81-4FFB-B6B4-1D632D171A01}.Debug|x64.ActiveCfg = Debug|Any CPU
		{E4546CFD-4F81-4FFB-B6B4-1D632D171A01}.Debug|x64.Build.0 = Debug|Any CPU
		{E4546CFD-4F81-4FFB-B6B4-1D632D171A01}.Debug|x86.ActiveCfg = Debug|Any CPU
		{E4546CFD-4F81-4FFB-B6B4-1D632D171A01}.Debug|x86.Build.0 = Debug|Any CPU
		{E4546CFD-4F81-4FFB-B6B4-1D632D171A01}.Release|Any CPU.ActiveCfg = Release|Any CPU
		{E4546CFD-4F81-4FFB-B6B4-1D632D171A01}.Release|Any CPU.Build.0 = Release|Any CPU
		{E4546CFD-4F81-4FFB-B6B4-1D632D171A01}.Release|x64.ActiveCfg = Release|Any CPU
		{E4546CFD-4F81-4FFB-B6B4-1D632D171A01}.Release|x64.Build.0 = Release|Any CPU
		{E4546CFD-4F81-4FFB-B6B4-1D632D171A01}.Release|x86.ActiveCfg = Release|Any CPU
		{E4546CFD-4F81-4FFB-B6B4-1D632D171A01}.Release|x86.Build.0 = Release|Any CPU
		{C5D81F69-374F-4A4D-B779-071A461550C1}.Debug|Any CPU.ActiveCfg = Debug|Any CPU
		{C5D81F69-374F-4A4D-B779-071A461550C1}.Debug|Any CPU.Build.0 = Debug|Any CPU
		{C5D81F69-374F-4A4D-B779-071A461550C1}.Debug|x64.ActiveCfg = Debug|Any CPU
		{C5D81F69-374F-4A4D-B779-071A461550C1}.Debug|x64.Build.0 = Debug|Any CPU
		{C5D81F69-374F-4A4D-B779-071A461550C1}.Debug|x86.ActiveCfg = Debug|Any CPU
		{C5D81F69-374F-4A4D-B779-071A461550C1}.Debug|x86.Build.0 = Debug|Any CPU
		{C5D81F69-374F-4A4D-B779-071A461550C1}.Release|Any CPU.ActiveCfg = Release|Any CPU
		{C5D81F69-374F-4A4D-B779-071A461550C1}.Release|Any CPU.Build.0 = Release|Any CPU
		{C5D81F69-374F-4A4D-B779-071A461550C1}.Release|x64.ActiveCfg = Release|Any CPU
		{C5D81F69-374F-4A4D-B779-071A461550C1}.Release|x64.Build.0 = Release|Any CPU
		{C5D81F69-374F-4A4D-B779-071A461550C1}.Release|x86.ActiveCfg = Release|Any CPU
		{C5D81F69-374F-4A4D-B779-071A461550C1}.Release|x86.Build.0 = Release|Any CPU
		{C6C9AACC-F56C-4C2C-866D-1A8A91C68DE9}.Debug|Any CPU.ActiveCfg = Debug|Any CPU
		{C6C9AACC-F56C-4C2C-866D-1A8A91C68DE9}.Debug|Any CPU.Build.0 = Debug|Any CPU
		{C6C9AACC-F56C-4C2C-866D-1A8A91C68DE9}.Debug|x64.ActiveCfg = Debug|Any CPU
		{C6C9AACC-F56C-4C2C-866D-1A8A91C68DE9}.Debug|x64.Build.0 = Debug|Any CPU
		{C6C9AACC-F56C-4C2C-866D-1A8A91C68DE9}.Debug|x86.ActiveCfg = Debug|Any CPU
		{C6C9AACC-F56C-4C2C-866D-1A8A91C68DE9}.Debug|x86.Build.0 = Debug|Any CPU
		{C6C9AACC-F56C-4C2C-866D-1A8A91C68DE9}.Release|Any CPU.ActiveCfg = Release|Any CPU
		{C6C9AACC-F56C-4C2C-866D-1A8A91C68DE9}.Release|Any CPU.Build.0 = Release|Any CPU
		{C6C9AACC-F56C-4C2C-866D-1A8A91C68DE9}.Release|x64.ActiveCfg = Release|Any CPU
		{C6C9AACC-F56C-4C2C-866D-1A8A91C68DE9}.Release|x64.Build.0 = Release|Any CPU
		{C6C9AACC-F56C-4C2C-866D-1A8A91C68DE9}.Release|x86.ActiveCfg = Release|Any CPU
		{C6C9AACC-F56C-4C2C-866D-1A8A91C68DE9}.Release|x86.Build.0 = Release|Any CPU
		{D587B90B-AC83-4A1F-8F20-BAA899BBCA5B}.Debug|Any CPU.ActiveCfg = Debug|Any CPU
		{D587B90B-AC83-4A1F-8F20-BAA899BBCA5B}.Debug|Any CPU.Build.0 = Debug|Any CPU
		{D587B90B-AC83-4A1F-8F20-BAA899BBCA5B}.Debug|x64.ActiveCfg = Debug|Any CPU
		{D587B90B-AC83-4A1F-8F20-BAA899BBCA5B}.Debug|x64.Build.0 = Debug|Any CPU
		{D587B90B-AC83-4A1F-8F20-BAA899BBCA5B}.Debug|x86.ActiveCfg = Debug|Any CPU
		{D587B90B-AC83-4A1F-8F20-BAA899BBCA5B}.Debug|x86.Build.0 = Debug|Any CPU
		{D587B90B-AC83-4A1F-8F20-BAA899BBCA5B}.Release|Any CPU.ActiveCfg = Release|Any CPU
		{D587B90B-AC83-4A1F-8F20-BAA899BBCA5B}.Release|Any CPU.Build.0 = Release|Any CPU
		{D587B90B-AC83-4A1F-8F20-BAA899BBCA5B}.Release|x64.ActiveCfg = Release|Any CPU
		{D587B90B-AC83-4A1F-8F20-BAA899BBCA5B}.Release|x64.Build.0 = Release|Any CPU
		{D587B90B-AC83-4A1F-8F20-BAA899BBCA5B}.Release|x86.ActiveCfg = Release|Any CPU
		{D587B90B-AC83-4A1F-8F20-BAA899BBCA5B}.Release|x86.Build.0 = Release|Any CPU
		{A4D4F2C1-2A8A-4394-90CA-C7005AE7376B}.Debug|Any CPU.ActiveCfg = Debug|Any CPU
		{A4D4F2C1-2A8A-4394-90CA-C7005AE7376B}.Debug|Any CPU.Build.0 = Debug|Any CPU
		{A4D4F2C1-2A8A-4394-90CA-C7005AE7376B}.Debug|x64.ActiveCfg = Debug|Any CPU
		{A4D4F2C1-2A8A-4394-90CA-C7005AE7376B}.Debug|x64.Build.0 = Debug|Any CPU
		{A4D4F2C1-2A8A-4394-90CA-C7005AE7376B}.Debug|x86.ActiveCfg = Debug|Any CPU
		{A4D4F2C1-2A8A-4394-90CA-C7005AE7376B}.Debug|x86.Build.0 = Debug|Any CPU
		{A4D4F2C1-2A8A-4394-90CA-C7005AE7376B}.Release|Any CPU.ActiveCfg = Release|Any CPU
		{A4D4F2C1-2A8A-4394-90CA-C7005AE7376B}.Release|Any CPU.Build.0 = Release|Any CPU
		{A4D4F2C1-2A8A-4394-90CA-C7005AE7376B}.Release|x64.ActiveCfg = Release|Any CPU
		{A4D4F2C1-2A8A-4394-90CA-C7005AE7376B}.Release|x64.Build.0 = Release|Any CPU
		{A4D4F2C1-2A8A-4394-90CA-C7005AE7376B}.Release|x86.ActiveCfg = Release|Any CPU
		{A4D4F2C1-2A8A-4394-90CA-C7005AE7376B}.Release|x86.Build.0 = Release|Any CPU
		{F88A2798-806D-4F99-9CA3-3F2AA7681974}.Debug|Any CPU.ActiveCfg = Debug|Any CPU
		{F88A2798-806D-4F99-9CA3-3F2AA7681974}.Debug|Any CPU.Build.0 = Debug|Any CPU
		{F88A2798-806D-4F99-9CA3-3F2AA7681974}.Debug|x64.ActiveCfg = Debug|Any CPU
		{F88A2798-806D-4F99-9CA3-3F2AA7681974}.Debug|x64.Build.0 = Debug|Any CPU
		{F88A2798-806D-4F99-9CA3-3F2AA7681974}.Debug|x86.ActiveCfg = Debug|Any CPU
		{F88A2798-806D-4F99-9CA3-3F2AA7681974}.Debug|x86.Build.0 = Debug|Any CPU
		{F88A2798-806D-4F99-9CA3-3F2AA7681974}.Release|Any CPU.ActiveCfg = Release|Any CPU
		{F88A2798-806D-4F99-9CA3-3F2AA7681974}.Release|Any CPU.Build.0 = Release|Any CPU
		{F88A2798-806D-4F99-9CA3-3F2AA7681974}.Release|x64.ActiveCfg = Release|Any CPU
		{F88A2798-806D-4F99-9CA3-3F2AA7681974}.Release|x64.Build.0 = Release|Any CPU
		{F88A2798-806D-4F99-9CA3-3F2AA7681974}.Release|x86.ActiveCfg = Release|Any CPU
		{F88A2798-806D-4F99-9CA3-3F2AA7681974}.Release|x86.Build.0 = Release|Any CPU
		{88D0ECA5-AD86-4675-9584-68AA4C6FE410}.Debug|Any CPU.ActiveCfg = Debug|Any CPU
		{88D0ECA5-AD86-4675-9584-68AA4C6FE410}.Debug|Any CPU.Build.0 = Debug|Any CPU
		{88D0ECA5-AD86-4675-9584-68AA4C6FE410}.Debug|x64.ActiveCfg = Debug|Any CPU
		{88D0ECA5-AD86-4675-9584-68AA4C6FE410}.Debug|x64.Build.0 = Debug|Any CPU
		{88D0ECA5-AD86-4675-9584-68AA4C6FE410}.Debug|x86.ActiveCfg = Debug|Any CPU
		{88D0ECA5-AD86-4675-9584-68AA4C6FE410}.Debug|x86.Build.0 = Debug|Any CPU
		{88D0ECA5-AD86-4675-9584-68AA4C6FE410}.Release|Any CPU.ActiveCfg = Release|Any CPU
		{88D0ECA5-AD86-4675-9584-68AA4C6FE410}.Release|Any CPU.Build.0 = Release|Any CPU
		{88D0ECA5-AD86-4675-9584-68AA4C6FE410}.Release|x64.ActiveCfg = Release|Any CPU
		{88D0ECA5-AD86-4675-9584-68AA4C6FE410}.Release|x64.Build.0 = Release|Any CPU
		{88D0ECA5-AD86-4675-9584-68AA4C6FE410}.Release|x86.ActiveCfg = Release|Any CPU
		{88D0ECA5-AD86-4675-9584-68AA4C6FE410}.Release|x86.Build.0 = Release|Any CPU
		{D46D7FC1-E444-4F65-945B-18550ED32D26}.Debug|Any CPU.ActiveCfg = Debug|Any CPU
		{D46D7FC1-E444-4F65-945B-18550ED32D26}.Debug|Any CPU.Build.0 = Debug|Any CPU
		{D46D7FC1-E444-4F65-945B-18550ED32D26}.Debug|x64.ActiveCfg = Debug|Any CPU
		{D46D7FC1-E444-4F65-945B-18550ED32D26}.Debug|x64.Build.0 = Debug|Any CPU
		{D46D7FC1-E444-4F65-945B-18550ED32D26}.Debug|x86.ActiveCfg = Debug|Any CPU
		{D46D7FC1-E444-4F65-945B-18550ED32D26}.Debug|x86.Build.0 = Debug|Any CPU
		{D46D7FC1-E444-4F65-945B-18550ED32D26}.Release|Any CPU.ActiveCfg = Release|Any CPU
		{D46D7FC1-E444-4F65-945B-18550ED32D26}.Release|Any CPU.Build.0 = Release|Any CPU
		{D46D7FC1-E444-4F65-945B-18550ED32D26}.Release|x64.ActiveCfg = Release|Any CPU
		{D46D7FC1-E444-4F65-945B-18550ED32D26}.Release|x64.Build.0 = Release|Any CPU
		{D46D7FC1-E444-4F65-945B-18550ED32D26}.Release|x86.ActiveCfg = Release|Any CPU
		{D46D7FC1-E444-4F65-945B-18550ED32D26}.Release|x86.Build.0 = Release|Any CPU
		{C747FB2B-847C-4A7E-AE9F-62D31F28AEB8}.Debug|Any CPU.ActiveCfg = Debug|Any CPU
		{C747FB2B-847C-4A7E-AE9F-62D31F28AEB8}.Debug|Any CPU.Build.0 = Debug|Any CPU
		{C747FB2B-847C-4A7E-AE9F-62D31F28AEB8}.Debug|x64.ActiveCfg = Debug|Any CPU
		{C747FB2B-847C-4A7E-AE9F-62D31F28AEB8}.Debug|x64.Build.0 = Debug|Any CPU
		{C747FB2B-847C-4A7E-AE9F-62D31F28AEB8}.Debug|x86.ActiveCfg = Debug|Any CPU
		{C747FB2B-847C-4A7E-AE9F-62D31F28AEB8}.Debug|x86.Build.0 = Debug|Any CPU
		{C747FB2B-847C-4A7E-AE9F-62D31F28AEB8}.Release|Any CPU.ActiveCfg = Release|Any CPU
		{C747FB2B-847C-4A7E-AE9F-62D31F28AEB8}.Release|Any CPU.Build.0 = Release|Any CPU
		{C747FB2B-847C-4A7E-AE9F-62D31F28AEB8}.Release|x64.ActiveCfg = Release|Any CPU
		{C747FB2B-847C-4A7E-AE9F-62D31F28AEB8}.Release|x64.Build.0 = Release|Any CPU
		{C747FB2B-847C-4A7E-AE9F-62D31F28AEB8}.Release|x86.ActiveCfg = Release|Any CPU
		{C747FB2B-847C-4A7E-AE9F-62D31F28AEB8}.Release|x86.Build.0 = Release|Any CPU
		{FCD838E0-2524-448E-B7CC-EE40D4198CED}.Debug|Any CPU.ActiveCfg = Debug|Any CPU
		{FCD838E0-2524-448E-B7CC-EE40D4198CED}.Debug|Any CPU.Build.0 = Debug|Any CPU
		{FCD838E0-2524-448E-B7CC-EE40D4198CED}.Debug|x64.ActiveCfg = Debug|Any CPU
		{FCD838E0-2524-448E-B7CC-EE40D4198CED}.Debug|x64.Build.0 = Debug|Any CPU
		{FCD838E0-2524-448E-B7CC-EE40D4198CED}.Debug|x86.ActiveCfg = Debug|Any CPU
		{FCD838E0-2524-448E-B7CC-EE40D4198CED}.Debug|x86.Build.0 = Debug|Any CPU
		{FCD838E0-2524-448E-B7CC-EE40D4198CED}.Release|Any CPU.ActiveCfg = Release|Any CPU
		{FCD838E0-2524-448E-B7CC-EE40D4198CED}.Release|Any CPU.Build.0 = Release|Any CPU
		{FCD838E0-2524-448E-B7CC-EE40D4198CED}.Release|x64.ActiveCfg = Release|Any CPU
		{FCD838E0-2524-448E-B7CC-EE40D4198CED}.Release|x64.Build.0 = Release|Any CPU
		{FCD838E0-2524-448E-B7CC-EE40D4198CED}.Release|x86.ActiveCfg = Release|Any CPU
		{FCD838E0-2524-448E-B7CC-EE40D4198CED}.Release|x86.Build.0 = Release|Any CPU
		{E6F41121-AC66-4C9C-8D0C-E5C046DE39CB}.Debug|Any CPU.ActiveCfg = Debug|Any CPU
		{E6F41121-AC66-4C9C-8D0C-E5C046DE39CB}.Debug|Any CPU.Build.0 = Debug|Any CPU
		{E6F41121-AC66-4C9C-8D0C-E5C046DE39CB}.Debug|x64.ActiveCfg = Debug|Any CPU
		{E6F41121-AC66-4C9C-8D0C-E5C046DE39CB}.Debug|x64.Build.0 = Debug|Any CPU
		{E6F41121-AC66-4C9C-8D0C-E5C046DE39CB}.Debug|x86.ActiveCfg = Debug|Any CPU
		{E6F41121-AC66-4C9C-8D0C-E5C046DE39CB}.Debug|x86.Build.0 = Debug|Any CPU
		{E6F41121-AC66-4C9C-8D0C-E5C046DE39CB}.Release|Any CPU.ActiveCfg = Release|Any CPU
		{E6F41121-AC66-4C9C-8D0C-E5C046DE39CB}.Release|Any CPU.Build.0 = Release|Any CPU
		{E6F41121-AC66-4C9C-8D0C-E5C046DE39CB}.Release|x64.ActiveCfg = Release|Any CPU
		{E6F41121-AC66-4C9C-8D0C-E5C046DE39CB}.Release|x64.Build.0 = Release|Any CPU
		{E6F41121-AC66-4C9C-8D0C-E5C046DE39CB}.Release|x86.ActiveCfg = Release|Any CPU
		{E6F41121-AC66-4C9C-8D0C-E5C046DE39CB}.Release|x86.Build.0 = Release|Any CPU
		{6A1D6730-C00D-4028-BB10-3FEC09370F7B}.Debug|Any CPU.ActiveCfg = Debug|Any CPU
		{6A1D6730-C00D-4028-BB10-3FEC09370F7B}.Debug|Any CPU.Build.0 = Debug|Any CPU
		{6A1D6730-C00D-4028-BB10-3FEC09370F7B}.Debug|x64.ActiveCfg = Debug|Any CPU
		{6A1D6730-C00D-4028-BB10-3FEC09370F7B}.Debug|x64.Build.0 = Debug|Any CPU
		{6A1D6730-C00D-4028-BB10-3FEC09370F7B}.Debug|x86.ActiveCfg = Debug|Any CPU
		{6A1D6730-C00D-4028-BB10-3FEC09370F7B}.Debug|x86.Build.0 = Debug|Any CPU
		{6A1D6730-C00D-4028-BB10-3FEC09370F7B}.Release|Any CPU.ActiveCfg = Release|Any CPU
		{6A1D6730-C00D-4028-BB10-3FEC09370F7B}.Release|Any CPU.Build.0 = Release|Any CPU
		{6A1D6730-C00D-4028-BB10-3FEC09370F7B}.Release|x64.ActiveCfg = Release|Any CPU
		{6A1D6730-C00D-4028-BB10-3FEC09370F7B}.Release|x64.Build.0 = Release|Any CPU
		{6A1D6730-C00D-4028-BB10-3FEC09370F7B}.Release|x86.ActiveCfg = Release|Any CPU
		{6A1D6730-C00D-4028-BB10-3FEC09370F7B}.Release|x86.Build.0 = Release|Any CPU
		{E9BA8721-B8C1-40BD-8E3D-DE856E8E16A0}.Debug|Any CPU.ActiveCfg = Debug|Any CPU
		{E9BA8721-B8C1-40BD-8E3D-DE856E8E16A0}.Debug|Any CPU.Build.0 = Debug|Any CPU
		{E9BA8721-B8C1-40BD-8E3D-DE856E8E16A0}.Debug|x64.ActiveCfg = Debug|Any CPU
		{E9BA8721-B8C1-40BD-8E3D-DE856E8E16A0}.Debug|x64.Build.0 = Debug|Any CPU
		{E9BA8721-B8C1-40BD-8E3D-DE856E8E16A0}.Debug|x64.Deploy.0 = Debug|Any CPU
		{E9BA8721-B8C1-40BD-8E3D-DE856E8E16A0}.Debug|x86.ActiveCfg = Debug|Any CPU
		{E9BA8721-B8C1-40BD-8E3D-DE856E8E16A0}.Debug|x86.Build.0 = Debug|Any CPU
		{E9BA8721-B8C1-40BD-8E3D-DE856E8E16A0}.Debug|x86.Deploy.0 = Debug|Any CPU
		{E9BA8721-B8C1-40BD-8E3D-DE856E8E16A0}.Release|Any CPU.ActiveCfg = Release|Any CPU
		{E9BA8721-B8C1-40BD-8E3D-DE856E8E16A0}.Release|Any CPU.Build.0 = Release|Any CPU
		{E9BA8721-B8C1-40BD-8E3D-DE856E8E16A0}.Release|Any CPU.Deploy.0 = Release|Any CPU
		{E9BA8721-B8C1-40BD-8E3D-DE856E8E16A0}.Release|x64.ActiveCfg = Release|Any CPU
		{E9BA8721-B8C1-40BD-8E3D-DE856E8E16A0}.Release|x64.Build.0 = Release|Any CPU
		{E9BA8721-B8C1-40BD-8E3D-DE856E8E16A0}.Release|x64.Deploy.0 = Release|Any CPU
		{E9BA8721-B8C1-40BD-8E3D-DE856E8E16A0}.Release|x86.ActiveCfg = Release|Any CPU
		{E9BA8721-B8C1-40BD-8E3D-DE856E8E16A0}.Release|x86.Build.0 = Release|Any CPU
		{E9BA8721-B8C1-40BD-8E3D-DE856E8E16A0}.Release|x86.Deploy.0 = Release|Any CPU
		{64AE5CF2-55F7-4A34-906B-AEAEF4ABB7C4}.Debug|Any CPU.ActiveCfg = Debug|Any CPU
		{64AE5CF2-55F7-4A34-906B-AEAEF4ABB7C4}.Debug|Any CPU.Build.0 = Debug|Any CPU
		{64AE5CF2-55F7-4A34-906B-AEAEF4ABB7C4}.Debug|x64.ActiveCfg = Debug|Any CPU
		{64AE5CF2-55F7-4A34-906B-AEAEF4ABB7C4}.Debug|x64.Build.0 = Debug|Any CPU
		{64AE5CF2-55F7-4A34-906B-AEAEF4ABB7C4}.Debug|x86.ActiveCfg = Debug|Any CPU
		{64AE5CF2-55F7-4A34-906B-AEAEF4ABB7C4}.Debug|x86.Build.0 = Debug|Any CPU
		{64AE5CF2-55F7-4A34-906B-AEAEF4ABB7C4}.Release|Any CPU.ActiveCfg = Release|Any CPU
		{64AE5CF2-55F7-4A34-906B-AEAEF4ABB7C4}.Release|Any CPU.Build.0 = Release|Any CPU
		{64AE5CF2-55F7-4A34-906B-AEAEF4ABB7C4}.Release|x64.ActiveCfg = Release|Any CPU
		{64AE5CF2-55F7-4A34-906B-AEAEF4ABB7C4}.Release|x64.Build.0 = Release|Any CPU
		{64AE5CF2-55F7-4A34-906B-AEAEF4ABB7C4}.Release|x86.ActiveCfg = Release|Any CPU
		{64AE5CF2-55F7-4A34-906B-AEAEF4ABB7C4}.Release|x86.Build.0 = Release|Any CPU
		{451E8D5B-A15F-4CFC-863F-4F6983465898}.Debug|Any CPU.ActiveCfg = Debug|Any CPU
		{451E8D5B-A15F-4CFC-863F-4F6983465898}.Debug|Any CPU.Build.0 = Debug|Any CPU
		{451E8D5B-A15F-4CFC-863F-4F6983465898}.Debug|x64.ActiveCfg = Debug|Any CPU
		{451E8D5B-A15F-4CFC-863F-4F6983465898}.Debug|x64.Build.0 = Debug|Any CPU
		{451E8D5B-A15F-4CFC-863F-4F6983465898}.Debug|x86.ActiveCfg = Debug|Any CPU
		{451E8D5B-A15F-4CFC-863F-4F6983465898}.Debug|x86.Build.0 = Debug|Any CPU
		{451E8D5B-A15F-4CFC-863F-4F6983465898}.Release|Any CPU.ActiveCfg = Release|Any CPU
		{451E8D5B-A15F-4CFC-863F-4F6983465898}.Release|Any CPU.Build.0 = Release|Any CPU
		{451E8D5B-A15F-4CFC-863F-4F6983465898}.Release|x64.ActiveCfg = Release|Any CPU
		{451E8D5B-A15F-4CFC-863F-4F6983465898}.Release|x64.Build.0 = Release|Any CPU
		{451E8D5B-A15F-4CFC-863F-4F6983465898}.Release|x86.ActiveCfg = Release|Any CPU
		{451E8D5B-A15F-4CFC-863F-4F6983465898}.Release|x86.Build.0 = Release|Any CPU
		{B51A0D8E-987D-4752-A57B-BA88EFBBCD53}.Debug|Any CPU.ActiveCfg = Debug|Any CPU
		{B51A0D8E-987D-4752-A57B-BA88EFBBCD53}.Debug|Any CPU.Build.0 = Debug|Any CPU
		{B51A0D8E-987D-4752-A57B-BA88EFBBCD53}.Debug|x64.ActiveCfg = Debug|Any CPU
		{B51A0D8E-987D-4752-A57B-BA88EFBBCD53}.Debug|x64.Build.0 = Debug|Any CPU
		{B51A0D8E-987D-4752-A57B-BA88EFBBCD53}.Debug|x86.ActiveCfg = Debug|Any CPU
		{B51A0D8E-987D-4752-A57B-BA88EFBBCD53}.Debug|x86.Build.0 = Debug|Any CPU
		{B51A0D8E-987D-4752-A57B-BA88EFBBCD53}.Release|Any CPU.ActiveCfg = Release|Any CPU
		{B51A0D8E-987D-4752-A57B-BA88EFBBCD53}.Release|Any CPU.Build.0 = Release|Any CPU
		{B51A0D8E-987D-4752-A57B-BA88EFBBCD53}.Release|x64.ActiveCfg = Release|Any CPU
		{B51A0D8E-987D-4752-A57B-BA88EFBBCD53}.Release|x64.Build.0 = Release|Any CPU
		{B51A0D8E-987D-4752-A57B-BA88EFBBCD53}.Release|x86.ActiveCfg = Release|Any CPU
		{B51A0D8E-987D-4752-A57B-BA88EFBBCD53}.Release|x86.Build.0 = Release|Any CPU
		{58BEEA85-508A-4FB2-A09D-B2F6F79D4F3B}.Debug|Any CPU.ActiveCfg = Debug|Any CPU
		{58BEEA85-508A-4FB2-A09D-B2F6F79D4F3B}.Debug|Any CPU.Build.0 = Debug|Any CPU
		{58BEEA85-508A-4FB2-A09D-B2F6F79D4F3B}.Debug|x64.ActiveCfg = Debug|Any CPU
		{58BEEA85-508A-4FB2-A09D-B2F6F79D4F3B}.Debug|x64.Build.0 = Debug|Any CPU
		{58BEEA85-508A-4FB2-A09D-B2F6F79D4F3B}.Debug|x86.ActiveCfg = Debug|Any CPU
		{58BEEA85-508A-4FB2-A09D-B2F6F79D4F3B}.Debug|x86.Build.0 = Debug|Any CPU
		{58BEEA85-508A-4FB2-A09D-B2F6F79D4F3B}.Release|Any CPU.ActiveCfg = Release|Any CPU
		{58BEEA85-508A-4FB2-A09D-B2F6F79D4F3B}.Release|Any CPU.Build.0 = Release|Any CPU
		{58BEEA85-508A-4FB2-A09D-B2F6F79D4F3B}.Release|x64.ActiveCfg = Release|Any CPU
		{58BEEA85-508A-4FB2-A09D-B2F6F79D4F3B}.Release|x64.Build.0 = Release|Any CPU
		{58BEEA85-508A-4FB2-A09D-B2F6F79D4F3B}.Release|x86.ActiveCfg = Release|Any CPU
		{58BEEA85-508A-4FB2-A09D-B2F6F79D4F3B}.Release|x86.Build.0 = Release|Any CPU
	EndGlobalSection
	GlobalSection(SolutionProperties) = preSolution
		HideSolutionNode = FALSE
	EndGlobalSection
	GlobalSection(NestedProjects) = preSolution
		{E4546CFD-4F81-4FFB-B6B4-1D632D171A01} = {610ACE76-2F52-4571-80A8-9CD81D637B1E}
		{C5D81F69-374F-4A4D-B779-071A461550C1} = {B4F912EC-9484-4AB8-957F-19BB47000EBA}
		{C6C9AACC-F56C-4C2C-866D-1A8A91C68DE9} = {D0E78F01-812A-45CD-9165-2D49FAB075C6}
		{D587B90B-AC83-4A1F-8F20-BAA899BBCA5B} = {3A90FDC1-7466-467E-84A8-8DE33B5FEA4A}
		{A4D4F2C1-2A8A-4394-90CA-C7005AE7376B} = {3A90FDC1-7466-467E-84A8-8DE33B5FEA4A}
		{F88A2798-806D-4F99-9CA3-3F2AA7681974} = {6BFF07C7-BDC2-47AF-8CBE-D49B7F242C85}
		{88D0ECA5-AD86-4675-9584-68AA4C6FE410} = {6BFF07C7-BDC2-47AF-8CBE-D49B7F242C85}
		{D46D7FC1-E444-4F65-945B-18550ED32D26} = {3A90FDC1-7466-467E-84A8-8DE33B5FEA4A}
		{C747FB2B-847C-4A7E-AE9F-62D31F28AEB8} = {3A90FDC1-7466-467E-84A8-8DE33B5FEA4A}
		{FCD838E0-2524-448E-B7CC-EE40D4198CED} = {B4F912EC-9484-4AB8-957F-19BB47000EBA}
		{E6F41121-AC66-4C9C-8D0C-E5C046DE39CB} = {F05B3F82-7DA8-4804-9A99-DFB340A95A15}
		{6A1D6730-C00D-4028-BB10-3FEC09370F7B} = {F05B3F82-7DA8-4804-9A99-DFB340A95A15}
		{F05B3F82-7DA8-4804-9A99-DFB340A95A15} = {6BFF07C7-BDC2-47AF-8CBE-D49B7F242C85}
		{E9BA8721-B8C1-40BD-8E3D-DE856E8E16A0} = {88CDD6D2-B7A9-4443-B464-6B42F6416814}
		{64AE5CF2-55F7-4A34-906B-AEAEF4ABB7C4} = {88CDD6D2-B7A9-4443-B464-6B42F6416814}
		{451E8D5B-A15F-4CFC-863F-4F6983465898} = {88CDD6D2-B7A9-4443-B464-6B42F6416814}
		{B51A0D8E-987D-4752-A57B-BA88EFBBCD53} = {3A90FDC1-7466-467E-84A8-8DE33B5FEA4A}
		{58BEEA85-508A-4FB2-A09D-B2F6F79D4F3B} = {88CDD6D2-B7A9-4443-B464-6B42F6416814}
	EndGlobalSection
	GlobalSection(ExtensibilityGlobals) = postSolution
		EnterpriseLibraryConfigurationToolBinariesPathV6 = packages\EnterpriseLibrary.Common.6.0.1304.0\lib\NET45;packages\EnterpriseLibrary.Logging.6.0.1304.0\lib\NET45
	EndGlobalSection
EndGlobal
